
Microsoft Visual Studio Solution File, Format Version 12.00
# Visual Studio Version 16
VisualStudioVersion = 16.0.29503.13
MinimumVisualStudioVersion = 10.0.40219.1
Project("{FAE04EC0-301F-11D3-BF4B-00C04F79EFBC}") = "Work", "Work\Work.csproj", "{22330861-3F3A-4DBA-B7CE-19C615F1CA6B}"
EndProject
Global
	GlobalSection(SolutionConfigurationPlatforms) = preSolution
		Debug|Any CPU = Debug|Any CPU
		Release|Any CPU = Release|Any CPU
	EndGlobalSection
	GlobalSection(ProjectConfigurationPlatforms) = postSolution
		{22330861-3F3A-4DBA-B7CE-19C615F1CA6B}.Debug|Any CPU.ActiveCfg = Debug|Any CPU
		{22330861-3F3A-4DBA-B7CE-19C615F1CA6B}.Debug|Any CPU.Build.0 = Debug|Any CPU
		{22330861-3F3A-4DBA-B7CE-19C615F1CA6B}.Release|Any CPU.ActiveCfg = Release|Any CPU
		{22330861-3F3A-4DBA-B7CE-19C615F1CA6B}.Release|Any CPU.Build.0 = Release|Any CPU
	EndGlobalSection
	GlobalSection(SolutionProperties) = preSolution
		HideSolutionNode = FALSE
	EndGlobalSection
	GlobalSection(ExtensibilityGlobals) = postSolution
		SolutionGuid = {1B22A4E7-2F51-4D21-8A93-1E2AECB0B886}
	EndGlobalSection
EndGlobal
